
Microsoft Visual Studio Solution File, Format Version 12.00
# Visual Studio Version 17
VisualStudioVersion = 17.9.34728.123
MinimumVisualStudioVersion = 10.0.40219.1
Project("{FAE04EC0-301F-11D3-BF4B-00C04F79EFBC}") = "PodrziMe", "WebApplication1\PodrziMe.csproj", "{9A945450-57C9-439C-8BC5-CC324F4C2648}"
EndProject
Project("{FAE04EC0-301F-11D3-BF4B-00C04F79EFBC}") = "PodrziMe.Model", "PodrziMe.Model\PodrziMe.Model.csproj", "{6A353C2D-8D1E-486F-A8D0-20932D69126A}"
EndProject
Project("{FAE04EC0-301F-11D3-BF4B-00C04F79EFBC}") = "PodrziMe.Services", "PodrziMe.Services\PodrziMe.Services.csproj", "{DCEB94AD-F01A-4C5C-9E52-53B87C856256}"
EndProject
Project("{2150E333-8FDC-42A3-9474-1A3956D46DE8}") = "SolutionFolder", "SolutionFolder", "{02EA681E-C7D8-13C7-8484-4AC65E1B71E8}"
	ProjectSection(SolutionItems) = preProject
		.dockerignore = .dockerignore
		WebApplication1\Dockerfile = WebApplication1\Dockerfile
		dockerfile = dockerfile
	EndProjectSection
EndProject
Global
	GlobalSection(SolutionConfigurationPlatforms) = preSolution
		Debug|Any CPU = Debug|Any CPU
		Release|Any CPU = Release|Any CPU
	EndGlobalSection
	GlobalSection(ProjectConfigurationPlatforms) = postSolution
		{9A945450-57C9-439C-8BC5-CC324F4C2648}.Debug|Any CPU.ActiveCfg = Debug|Any CPU
		{9A945450-57C9-439C-8BC5-CC324F4C2648}.Debug|Any CPU.Build.0 = Debug|Any CPU
		{9A945450-57C9-439C-8BC5-CC324F4C2648}.Release|Any CPU.ActiveCfg = Release|Any CPU
		{9A945450-57C9-439C-8BC5-CC324F4C2648}.Release|Any CPU.Build.0 = Release|Any CPU
		{6A353C2D-8D1E-486F-A8D0-20932D69126A}.Debug|Any CPU.ActiveCfg = Debug|Any CPU
		{6A353C2D-8D1E-486F-A8D0-20932D69126A}.Debug|Any CPU.Build.0 = Debug|Any CPU
		{6A353C2D-8D1E-486F-A8D0-20932D69126A}.Release|Any CPU.ActiveCfg = Release|Any CPU
		{6A353C2D-8D1E-486F-A8D0-20932D69126A}.Release|Any CPU.Build.0 = Release|Any CPU
		{DCEB94AD-F01A-4C5C-9E52-53B87C856256}.Debug|Any CPU.ActiveCfg = Debug|Any CPU
		{DCEB94AD-F01A-4C5C-9E52-53B87C856256}.Debug|Any CPU.Build.0 = Debug|Any CPU
		{DCEB94AD-F01A-4C5C-9E52-53B87C856256}.Release|Any CPU.ActiveCfg = Release|Any CPU
		{DCEB94AD-F01A-4C5C-9E52-53B87C856256}.Release|Any CPU.Build.0 = Release|Any CPU
	EndGlobalSection
	GlobalSection(SolutionProperties) = preSolution
		HideSolutionNode = FALSE
	EndGlobalSection
	GlobalSection(ExtensibilityGlobals) = postSolution
		SolutionGuid = {CB903002-5D56-4C59-9E15-CFF6F4D4C817}
	EndGlobalSection
EndGlobal
